
Microsoft Visual Studio Solution File, Format Version 12.00
# Visual Studio Version 17
VisualStudioVersion = 17.0.31903.59
MinimumVisualStudioVersion = 10.0.40219.1
Project("{2150E333-8FDC-42A3-9474-1A3956D46DE8}") = "src", "src", "{827E0CD3-B72D-47B6-A68D-7590B98EB39B}"
EndProject
Project("{FAE04EC0-301F-11D3-BF4B-00C04F79EFBC}") = "ForamEcoQS.Core", "src\ForamEcoQS.Core\ForamEcoQS.Core.csproj", "{FFD10AF3-683D-4822-BE54-E5BB68C10757}"
EndProject
Project("{FAE04EC0-301F-11D3-BF4B-00C04F79EFBC}") = "ForamEcoQS.App", "src\ForamEcoQS.App\ForamEcoQS.App.csproj", "{0EACF275-162B-4355-B768-1207F56E3F41}"
EndProject
Project("{FAE04EC0-301F-11D3-BF4B-00C04F79EFBC}") = "ForamEcoQS.Gtk", "src\ForamEcoQS.Gtk\ForamEcoQS.Gtk.csproj", "{A844452C-2FA6-482F-857C-5D42B063B924}"
EndProject
Project("{FAE04EC0-301F-11D3-BF4B-00C04F79EFBC}") = "ForamEcoQS.Wpf", "src\ForamEcoQS.Wpf\ForamEcoQS.Wpf.csproj", "{0E2C2099-825A-45FC-BF7C-67F46317F6C6}"
EndProject
Project("{FAE04EC0-301F-11D3-BF4B-00C04F79EFBC}") = "ForamEcoQS.Mac", "src\ForamEcoQS.Mac\ForamEcoQS.Mac.csproj", "{513EC60E-019A-4B0C-AE6B-0F82733E8B94}"
EndProject
Global
	GlobalSection(SolutionConfigurationPlatforms) = preSolution
		Debug|Any CPU = Debug|Any CPU
		Debug|x64 = Debug|x64
		Debug|x86 = Debug|x86
		Release|Any CPU = Release|Any CPU
		Release|x64 = Release|x64
		Release|x86 = Release|x86
	EndGlobalSection
	GlobalSection(ProjectConfigurationPlatforms) = postSolution
		{FFD10AF3-683D-4822-BE54-E5BB68C10757}.Debug|Any CPU.ActiveCfg = Debug|Any CPU
		{FFD10AF3-683D-4822-BE54-E5BB68C10757}.Debug|Any CPU.Build.0 = Debug|Any CPU
		{FFD10AF3-683D-4822-BE54-E5BB68C10757}.Debug|x64.ActiveCfg = Debug|Any CPU
		{FFD10AF3-683D-4822-BE54-E5BB68C10757}.Debug|x64.Build.0 = Debug|Any CPU
		{FFD10AF3-683D-4822-BE54-E5BB68C10757}.Debug|x86.ActiveCfg = Debug|Any CPU
		{FFD10AF3-683D-4822-BE54-E5BB68C10757}.Debug|x86.Build.0 = Debug|Any CPU
		{FFD10AF3-683D-4822-BE54-E5BB68C10757}.Release|Any CPU.ActiveCfg = Release|Any CPU
		{FFD10AF3-683D-4822-BE54-E5BB68C10757}.Release|Any CPU.Build.0 = Release|Any CPU
		{FFD10AF3-683D-4822-BE54-E5BB68C10757}.Release|x64.ActiveCfg = Release|Any CPU
		{FFD10AF3-683D-4822-BE54-E5BB68C10757}.Release|x64.Build.0 = Release|Any CPU
		{FFD10AF3-683D-4822-BE54-E5BB68C10757}.Release|x86.ActiveCfg = Release|Any CPU
		{FFD10AF3-683D-4822-BE54-E5BB68C10757}.Release|x86.Build.0 = Release|Any CPU
		{0EACF275-162B-4355-B768-1207F56E3F41}.Debug|Any CPU.ActiveCfg = Debug|Any CPU
		{0EACF275-162B-4355-B768-1207F56E3F41}.Debug|Any CPU.Build.0 = Debug|Any CPU
		{0EACF275-162B-4355-B768-1207F56E3F41}.Debug|x64.ActiveCfg = Debug|Any CPU
		{0EACF275-162B-4355-B768-1207F56E3F41}.Debug|x64.Build.0 = Debug|Any CPU
		{0EACF275-162B-4355-B768-1207F56E3F41}.Debug|x86.ActiveCfg = Debug|Any CPU
		{0EACF275-162B-4355-B768-1207F56E3F41}.Debug|x86.Build.0 = Debug|Any CPU
		{0EACF275-162B-4355-B768-1207F56E3F41}.Release|Any CPU.ActiveCfg = Release|Any CPU
		{0EACF275-162B-4355-B768-1207F56E3F41}.Release|Any CPU.Build.0 = Release|Any CPU
		{0EACF275-162B-4355-B768-1207F56E3F41}.Release|x64.ActiveCfg = Release|Any CPU
		{0EACF275-162B-4355-B768-1207F56E3F41}.Release|x64.Build.0 = Release|Any CPU
		{0EACF275-162B-4355-B768-1207F56E3F41}.Release|x86.ActiveCfg = Release|Any CPU
		{0EACF275-162B-4355-B768-1207F56E3F41}.Release|x86.Build.0 = Release|Any CPU
		{A844452C-2FA6-482F-857C-5D42B063B924}.Debug|Any CPU.ActiveCfg = Debug|Any CPU
		{A844452C-2FA6-482F-857C-5D42B063B924}.Debug|Any CPU.Build.0 = Debug|Any CPU
		{A844452C-2FA6-482F-857C-5D42B063B924}.Debug|x64.ActiveCfg = Debug|Any CPU
		{A844452C-2FA6-482F-857C-5D42B063B924}.Debug|x64.Build.0 = Debug|Any CPU
		{A844452C-2FA6-482F-857C-5D42B063B924}.Debug|x86.ActiveCfg = Debug|Any CPU
		{A844452C-2FA6-482F-857C-5D42B063B924}.Debug|x86.Build.0 = Debug|Any CPU
		{A844452C-2FA6-482F-857C-5D42B063B924}.Release|Any CPU.ActiveCfg = Release|Any CPU
		{A844452C-2FA6-482F-857C-5D42B063B924}.Release|Any CPU.Build.0 = Release|Any CPU
		{A844452C-2FA6-482F-857C-5D42B063B924}.Release|x64.ActiveCfg = Release|Any CPU
		{A844452C-2FA6-482F-857C-5D42B063B924}.Release|x64.Build.0 = Release|Any CPU
		{A844452C-2FA6-482F-857C-5D42B063B924}.Release|x86.ActiveCfg = Release|Any CPU
		{A844452C-2FA6-482F-857C-5D42B063B924}.Release|x86.Build.0 = Release|Any CPU
		{0E2C2099-825A-45FC-BF7C-67F46317F6C6}.Debug|Any CPU.ActiveCfg = Debug|Any CPU
		{0E2C2099-825A-45FC-BF7C-67F46317F6C6}.Debug|Any CPU.Build.0 = Debug|Any CPU
		{0E2C2099-825A-45FC-BF7C-67F46317F6C6}.Debug|x64.ActiveCfg = Debug|Any CPU
		{0E2C2099-825A-45FC-BF7C-67F46317F6C6}.Debug|x64.Build.0 = Debug|Any CPU
		{0E2C2099-825A-45FC-BF7C-67F46317F6C6}.Debug|x86.ActiveCfg = Debug|Any CPU
		{0E2C2099-825A-45FC-BF7C-67F46317F6C6}.Debug|x86.Build.0 = Debug|Any CPU
		{0E2C2099-825A-45FC-BF7C-67F46317F6C6}.Release|Any CPU.ActiveCfg = Release|Any CPU
		{0E2C2099-825A-45FC-BF7C-67F46317F6C6}.Release|Any CPU.Build.0 = Release|Any CPU
		{0E2C2099-825A-45FC-BF7C-67F46317F6C6}.Release|x64.ActiveCfg = Release|Any CPU
		{0E2C2099-825A-45FC-BF7C-67F46317F6C6}.Release|x64.Build.0 = Release|Any CPU
		{0E2C2099-825A-45FC-BF7C-67F46317F6C6}.Release|x86.ActiveCfg = Release|Any CPU
		{0E2C2099-825A-45FC-BF7C-67F46317F6C6}.Release|x86.Build.0 = Release|Any CPU
		{513EC60E-019A-4B0C-AE6B-0F82733E8B94}.Debug|Any CPU.ActiveCfg = Debug|Any CPU
		{513EC60E-019A-4B0C-AE6B-0F82733E8B94}.Debug|Any CPU.Build.0 = Debug|Any CPU
		{513EC60E-019A-4B0C-AE6B-0F82733E8B94}.Debug|x64.ActiveCfg = Debug|Any CPU
		{513EC60E-019A-4B0C-AE6B-0F82733E8B94}.Debug|x64.Build.0 = Debug|Any CPU
		{513EC60E-019A-4B0C-AE6B-0F82733E8B94}.Debug|x86.ActiveCfg = Debug|Any CPU
		{513EC60E-019A-4B0C-AE6B-0F82733E8B94}.Debug|x86.Build.0 = Debug|Any CPU
		{513EC60E-019A-4B0C-AE6B-0F82733E8B94}.Release|Any CPU.ActiveCfg = Release|Any CPU
		{513EC60E-019A-4B0C-AE6B-0F82733E8B94}.Release|Any CPU.Build.0 = Release|Any CPU
		{513EC60E-019A-4B0C-AE6B-0F82733E8B94}.Release|x64.ActiveCfg = Release|Any CPU
		{513EC60E-019A-4B0C-AE6B-0F82733E8B94}.Release|x64.Build.0 = Release|Any CPU
		{513EC60E-019A-4B0C-AE6B-0F82733E8B94}.Release|x86.ActiveCfg = Release|Any CPU
		{513EC60E-019A-4B0C-AE6B-0F82733E8B94}.Release|x86.Build.0 = Release|Any CPU
	EndGlobalSection
	GlobalSection(SolutionProperties) = preSolution
		HideSolutionNode = FALSE
	EndGlobalSection
	GlobalSection(NestedProjects) = preSolution
		{FFD10AF3-683D-4822-BE54-E5BB68C10757} = {827E0CD3-B72D-47B6-A68D-7590B98EB39B}
		{0EACF275-162B-4355-B768-1207F56E3F41} = {827E0CD3-B72D-47B6-A68D-7590B98EB39B}
		{A844452C-2FA6-482F-857C-5D42B063B924} = {827E0CD3-B72D-47B6-A68D-7590B98EB39B}
		{0E2C2099-825A-45FC-BF7C-67F46317F6C6} = {827E0CD3-B72D-47B6-A68D-7590B98EB39B}
		{513EC60E-019A-4B0C-AE6B-0F82733E8B94} = {827E0CD3-B72D-47B6-A68D-7590B98EB39B}
	EndGlobalSection
EndGlobal
